
Microsoft Visual Studio Solution File, Format Version 12.00
# Visual Studio 15
VisualStudioVersion = 15.0.27004.2006
MinimumVisualStudioVersion = 10.0.40219.1
Project("{A07B5EB6-E848-4116-A8D0-A826331D98C6}") = "SFTest", "SFTest\SFTest.sfproj", "{2872363C-4531-43B3-BD2B-BD23E6D93ED9}"
EndProject
Project("{9A19103F-16F7-4668-BE54-9A1E7A4F7556}") = "SFTestStateless", "SFTestStateless\SFTestStateless.csproj", "{E168E2E2-F299-4FF7-8A02-452C80736A2F}"
EndProject
Project("{FAE04EC0-301F-11D3-BF4B-00C04F79EFBC}") = "SFTestRawStateless", "SFTestRawStateless\SFTestRawStateless.csproj", "{E33DEB5C-10D0-4DEB-B22E-EEC674B8077A}"
EndProject
Project("{9A19103F-16F7-4668-BE54-9A1E7A4F7556}") = "STTestBackend", "STTestBackend\STTestBackend.csproj", "{AB95E755-4285-4BED-B6D7-6B15C2D4E35F}"
EndProject
Project("{00D1A9C2-B5F0-4AF3-8072-F6C62B433612}") = "SFTestDB", "SFTestDB\SFTestDB.sqlproj", "{37D206B4-E4F1-42F3-A428-D1E4063481B6}"
EndProject
Project("{2150E333-8FDC-42A3-9474-1A3956D46DE8}") = "IntegrationTests", "IntegrationTests", "{24490FDD-6ED6-4D16-982E-1A10C69C66EC}"
EndProject
Project("{FAE04EC0-301F-11D3-BF4B-00C04F79EFBC}") = "SFTestStateless.Intergation.Tests", "SFTestStateless.Intergation.Tests\SFTestStateless.Intergation.Tests.csproj", "{CE314E86-1EF1-4D22-90EA-F1B6F68EB66E}"
EndProject
Global
	GlobalSection(SolutionConfigurationPlatforms) = preSolution
		Debug|Any CPU = Debug|Any CPU
		Debug|x64 = Debug|x64
		Release|Any CPU = Release|Any CPU
		Release|x64 = Release|x64
	EndGlobalSection
	GlobalSection(ProjectConfigurationPlatforms) = postSolution
		{2872363C-4531-43B3-BD2B-BD23E6D93ED9}.Debug|Any CPU.ActiveCfg = Debug|x64
		{2872363C-4531-43B3-BD2B-BD23E6D93ED9}.Debug|x64.ActiveCfg = Debug|x64
		{2872363C-4531-43B3-BD2B-BD23E6D93ED9}.Debug|x64.Build.0 = Debug|x64
		{2872363C-4531-43B3-BD2B-BD23E6D93ED9}.Debug|x64.Deploy.0 = Debug|x64
		{2872363C-4531-43B3-BD2B-BD23E6D93ED9}.Release|Any CPU.ActiveCfg = Release|x64
		{2872363C-4531-43B3-BD2B-BD23E6D93ED9}.Release|x64.ActiveCfg = Release|x64
		{2872363C-4531-43B3-BD2B-BD23E6D93ED9}.Release|x64.Build.0 = Release|x64
		{2872363C-4531-43B3-BD2B-BD23E6D93ED9}.Release|x64.Deploy.0 = Release|x64
		{E168E2E2-F299-4FF7-8A02-452C80736A2F}.Debug|Any CPU.ActiveCfg = Debug|Any CPU
		{E168E2E2-F299-4FF7-8A02-452C80736A2F}.Debug|Any CPU.Build.0 = Debug|Any CPU
		{E168E2E2-F299-4FF7-8A02-452C80736A2F}.Debug|x64.ActiveCfg = Debug|Any CPU
		{E168E2E2-F299-4FF7-8A02-452C80736A2F}.Debug|x64.Build.0 = Debug|Any CPU
		{E168E2E2-F299-4FF7-8A02-452C80736A2F}.Release|Any CPU.ActiveCfg = Release|Any CPU
		{E168E2E2-F299-4FF7-8A02-452C80736A2F}.Release|Any CPU.Build.0 = Release|Any CPU
		{E168E2E2-F299-4FF7-8A02-452C80736A2F}.Release|x64.ActiveCfg = Release|Any CPU
		{E168E2E2-F299-4FF7-8A02-452C80736A2F}.Release|x64.Build.0 = Release|Any CPU
		{E33DEB5C-10D0-4DEB-B22E-EEC674B8077A}.Debug|Any CPU.ActiveCfg = Debug|x64
		{E33DEB5C-10D0-4DEB-B22E-EEC674B8077A}.Debug|x64.ActiveCfg = Debug|x64
		{E33DEB5C-10D0-4DEB-B22E-EEC674B8077A}.Debug|x64.Build.0 = Debug|x64
		{E33DEB5C-10D0-4DEB-B22E-EEC674B8077A}.Release|Any CPU.ActiveCfg = Release|x64
		{E33DEB5C-10D0-4DEB-B22E-EEC674B8077A}.Release|x64.ActiveCfg = Release|x64
		{E33DEB5C-10D0-4DEB-B22E-EEC674B8077A}.Release|x64.Build.0 = Release|x64
		{AB95E755-4285-4BED-B6D7-6B15C2D4E35F}.Debug|Any CPU.ActiveCfg = Debug|Any CPU
		{AB95E755-4285-4BED-B6D7-6B15C2D4E35F}.Debug|Any CPU.Build.0 = Debug|Any CPU
		{AB95E755-4285-4BED-B6D7-6B15C2D4E35F}.Debug|x64.ActiveCfg = Debug|Any CPU
		{AB95E755-4285-4BED-B6D7-6B15C2D4E35F}.Debug|x64.Build.0 = Debug|Any CPU
		{AB95E755-4285-4BED-B6D7-6B15C2D4E35F}.Release|Any CPU.ActiveCfg = Release|Any CPU
		{AB95E755-4285-4BED-B6D7-6B15C2D4E35F}.Release|Any CPU.Build.0 = Release|Any CPU
		{AB95E755-4285-4BED-B6D7-6B15C2D4E35F}.Release|x64.ActiveCfg = Release|Any CPU
		{AB95E755-4285-4BED-B6D7-6B15C2D4E35F}.Release|x64.Build.0 = Release|Any CPU
		{37D206B4-E4F1-42F3-A428-D1E4063481B6}.Debug|Any CPU.ActiveCfg = Debug|Any CPU
		{37D206B4-E4F1-42F3-A428-D1E4063481B6}.Debug|Any CPU.Build.0 = Debug|Any CPU
		{37D206B4-E4F1-42F3-A428-D1E4063481B6}.Debug|Any CPU.Deploy.0 = Debug|Any CPU
		{37D206B4-E4F1-42F3-A428-D1E4063481B6}.Debug|x64.ActiveCfg = Debug|Any CPU
		{37D206B4-E4F1-42F3-A428-D1E4063481B6}.Debug|x64.Build.0 = Debug|Any CPU
		{37D206B4-E4F1-42F3-A428-D1E4063481B6}.Debug|x64.Deploy.0 = Debug|Any CPU
		{37D206B4-E4F1-42F3-A428-D1E4063481B6}.Release|Any CPU.ActiveCfg = Release|Any CPU
		{37D206B4-E4F1-42F3-A428-D1E4063481B6}.Release|Any CPU.Build.0 = Release|Any CPU
		{37D206B4-E4F1-42F3-A428-D1E4063481B6}.Release|Any CPU.Deploy.0 = Release|Any CPU
		{37D206B4-E4F1-42F3-A428-D1E4063481B6}.Release|x64.ActiveCfg = Release|Any CPU
		{37D206B4-E4F1-42F3-A428-D1E4063481B6}.Release|x64.Build.0 = Release|Any CPU
		{37D206B4-E4F1-42F3-A428-D1E4063481B6}.Release|x64.Deploy.0 = Release|Any CPU
		{CE314E86-1EF1-4D22-90EA-F1B6F68EB66E}.Debug|Any CPU.ActiveCfg = Debug|Any CPU
		{CE314E86-1EF1-4D22-90EA-F1B6F68EB66E}.Debug|Any CPU.Build.0 = Debug|Any CPU
		{CE314E86-1EF1-4D22-90EA-F1B6F68EB66E}.Debug|x64.ActiveCfg = Debug|Any CPU
		{CE314E86-1EF1-4D22-90EA-F1B6F68EB66E}.Debug|x64.Build.0 = Debug|Any CPU
		{CE314E86-1EF1-4D22-90EA-F1B6F68EB66E}.Release|Any CPU.ActiveCfg = Release|Any CPU
		{CE314E86-1EF1-4D22-90EA-F1B6F68EB66E}.Release|Any CPU.Build.0 = Release|Any CPU
		{CE314E86-1EF1-4D22-90EA-F1B6F68EB66E}.Release|x64.ActiveCfg = Release|Any CPU
		{CE314E86-1EF1-4D22-90EA-F1B6F68EB66E}.Release|x64.Build.0 = Release|Any CPU
	EndGlobalSection
	GlobalSection(SolutionProperties) = preSolution
		HideSolutionNode = FALSE
	EndGlobalSection
	GlobalSection(NestedProjects) = preSolution
		{CE314E86-1EF1-4D22-90EA-F1B6F68EB66E} = {24490FDD-6ED6-4D16-982E-1A10C69C66EC}
	EndGlobalSection
	GlobalSection(ExtensibilityGlobals) = postSolution
		SolutionGuid = {B32E2AF1-774A-42B1-A2D2-9A2EB26D9648}
	EndGlobalSection
EndGlobal
